hash: 9f0388b1c65ac60aa7ccfe492878b1ddba4812772a83002d2380b93e0520083d
updated: 2017-08-15T14:00:57.677056143+07:00
imports:
- name: github.com/ant0ine/go-json-rest
  version: 731ccde05312e2c1f5578a504ea8e77d38020340
  subpackages:
  - rest
  - rest/trie
- name: github.com/joho/godotenv
  version: 9d9ddadf44b4c17c42bafdc530ddeee1927c067d
- name: github.com/pkg/profile
  version: 5b67d428864e92711fcbd2f8629456121a56d91f
- name: github.com/xeipuuv/gojsonschema
  version: 0c8571ac0ce161a5feb57375a9cdf148c98c0f70
- name: gopkg.in/gographics/imagick.v2
  version: 8258522f85241f2e3d830b07c5fef6865cc16414
  subpackages:
  - imagick
  - imagick/types
testImports: []
