hash: 59441be402220fcb931030e247e2c1c2bcfcb551e05b57f62729f9b7e300598c
updated: 2017-08-24T09:54:29.057843996+07:00
imports:
- name: github.com/ant0ine/go-json-rest
  version: 731ccde05312e2c1f5578a504ea8e77d38020340
  subpackages:
  - rest
  - rest/trie
- name: github.com/joho/godotenv
  version: c9360df4d16dc0e391ea2f28da2d31a9ede2e26f
- name: gopkg.in/gographics/imagick.v2
  version: 8258522f85241f2e3d830b07c5fef6865cc16414
  subpackages:
  - imagick
  - imagick/types
testImports:
- name: github.com/gopherjs/gopherjs
  version: 95deb33d587c9f6e24b494ea9bdf9648c48f9a60
  subpackages:
  - js
- name: github.com/jtolds/gls
  version: 77f18212c9c7edc9bd6a33d383a7b545ce62f064
- name: github.com/smartystreets/assertions
  version: 9c0ea8acbc1d8ad689f9e6fe0c1fa5838e0cabc2
  subpackages:
  - internal/go-render/render
  - internal/oglematchers
- name: github.com/smartystreets/goconvey
  version: 9e8dc3f972df6c8fcc0375ef492c24d0bb204857
  subpackages:
  - convey
  - convey/gotest
  - convey/reporting
- name: github.com/xeipuuv/gojsonpointer
  version: 6fe8760cad3569743d51ddbb243b26f8456742dc
- name: github.com/xeipuuv/gojsonreference
  version: e02fc20de94c78484cd5ffb007f8af96be030a45
- name: github.com/xeipuuv/gojsonschema
  version: 0c8571ac0ce161a5feb57375a9cdf148c98c0f70
